
Microsoft Visual Studio Solution File, Format Version 12.00
# Visual Studio Version 17
VisualStudioVersion = 17.7.34009.444
MinimumVisualStudioVersion = 10.0.40219.1
Project("{FAE04EC0-301F-11D3-BF4B-00C04F79EFBC}") = "BooksApp_Sec02", "BooksApp_Sec02.csproj", "{8C644DC6-BDE0-4231-87CE-7E6DB8D0137F}"
EndProject
Global
	GlobalSection(SolutionConfigurationPlatforms) = preSolution
		Debug|Any CPU = Debug|Any CPU
		Release|Any CPU = Release|Any CPU
	EndGlobalSection
	GlobalSection(ProjectConfigurationPlatforms) = postSolution
		{8C644DC6-BDE0-4231-87CE-7E6DB8D0137F}.Debug|Any CPU.ActiveCfg = Debug|Any CPU
		{8C644DC6-BDE0-4231-87CE-7E6DB8D0137F}.Debug|Any CPU.Build.0 = Debug|Any CPU
		{8C644DC6-BDE0-4231-87CE-7E6DB8D0137F}.Release|Any CPU.ActiveCfg = Release|Any CPU
		{8C644DC6-BDE0-4231-87CE-7E6DB8D0137F}.Release|Any CPU.Build.0 = Release|Any CPU
	EndGlobalSection
	GlobalSection(SolutionProperties) = preSolution
		HideSolutionNode = FALSE
	EndGlobalSection
	GlobalSection(ExtensibilityGlobals) = postSolution
		SolutionGuid = {BE7A88BD-9B79-4236-AADB-D5A71F5EF255}
	EndGlobalSection
EndGlobal
